// !$*UTF8*$!
{
	archiveVersion = 1;
	classes = {
	};
	objectVersion = 46;
	objects = {

/* Begin PBXBuildFile section */
		AA55F93F1E79F5C600835E25 /* Lexer.swift in Sources */ = {isa = PBXBuildFile; fileRef = AA55F93E1E79F5C600835E25 /* Lexer.swift */; };
		AA55F9401E79F5C600835E25 /* Lexer.swift in Sources */ = {isa = PBXBuildFile; fileRef = AA55F93E1E79F5C600835E25 /* Lexer.swift */; };
		AA55F9421E79F6BB00835E25 /* PrefixedIterator.swift in Sources */ = {isa = PBXBuildFile; fileRef = AA55F9411E79F6BB00835E25 /* PrefixedIterator.swift */; };
		AA55F9431E79F6BB00835E25 /* PrefixedIterator.swift in Sources */ = {isa = PBXBuildFile; fileRef = AA55F9411E79F6BB00835E25 /* PrefixedIterator.swift */; };
		AA55F9471E79FF4D00835E25 /* LexerTests.swift in Sources */ = {isa = PBXBuildFile; fileRef = AA55F9441E79FF4B00835E25 /* LexerTests.swift */; };
		AA55F9481E79FF4E00835E25 /* LexerTests.swift in Sources */ = {isa = PBXBuildFile; fileRef = AA55F9441E79FF4B00835E25 /* LexerTests.swift */; };
		AA55F94C1E79FF7D00835E25 /* PrefixedIteratorTests.swift in Sources */ = {isa = PBXBuildFile; fileRef = AA55F9491E79FF7B00835E25 /* PrefixedIteratorTests.swift */; };
		AA55F94D1E79FF7E00835E25 /* PrefixedIteratorTests.swift in Sources */ = {isa = PBXBuildFile; fileRef = AA55F9491E79FF7B00835E25 /* PrefixedIteratorTests.swift */; };
		AAC273971E74FC96004740E7 /* Reggie.framework in Frameworks */ = {isa = PBXBuildFile; fileRef = AAC2738E1E74FC96004740E7 /* Reggie.framework */; };
		AAC273B31E74FCC3004740E7 /* Reggie.framework in Frameworks */ = {isa = PBXBuildFile; fileRef = AAC273AA1E74FCC3004740E7 /* Reggie.framework */; };
		AAC273E41E74FE84004740E7 /* AutomataTests.swift in Sources */ = {isa = PBXBuildFile; fileRef = AAC273D11E74FD9C004740E7 /* AutomataTests.swift */; };
		AAC273E51E74FE8A004740E7 /* AutomataTests.swift in Sources */ = {isa = PBXBuildFile; fileRef = AAC273D11E74FD9C004740E7 /* AutomataTests.swift */; };
		AAC273EE1E74FFE0004740E7 /* Automata.swift in Sources */ = {isa = PBXBuildFile; fileRef = AAC273E91E74FFDC004740E7 /* Automata.swift */; };
		AAC273F01E74FFE0004740E7 /* Node.swift in Sources */ = {isa = PBXBuildFile; fileRef = AAC273EB1E74FFDC004740E7 /* Node.swift */; };
		AAC273F21E74FFE0004740E7 /* Transition.swift in Sources */ = {isa = PBXBuildFile; fileRef = AAC273ED1E74FFDC004740E7 /* Transition.swift */; };
		AAC273F31E74FFE1004740E7 /* Automata.swift in Sources */ = {isa = PBXBuildFile; fileRef = AAC273E91E74FFDC004740E7 /* Automata.swift */; };
		AAC273F51E74FFE1004740E7 /* Node.swift in Sources */ = {isa = PBXBuildFile; fileRef = AAC273EB1E74FFDC004740E7 /* Node.swift */; };
		AAC273F71E74FFE1004740E7 /* Transition.swift in Sources */ = {isa = PBXBuildFile; fileRef = AAC273ED1E74FFDC004740E7 /* Transition.swift */; };
		AAC273FA1E750053004740E7 /* Reggie.h in Headers */ = {isa = PBXBuildFile; fileRef = AAC273F91E75000D004740E7 /* Reggie.h */; settings = {ATTRIBUTES = (Public, ); }; };
		AAC273FB1E75005B004740E7 /* Reggie.h in Headers */ = {isa = PBXBuildFile; fileRef = AAC273F91E75000D004740E7 /* Reggie.h */; settings = {ATTRIBUTES = (Public, ); }; };
/* End PBXBuildFile section */

/* Begin PBXContainerItemProxy section */
		AAC273981E74FC96004740E7 /* PBXContainerItemProxy */ = {
			isa = PBXContainerItemProxy;
			containerPortal = AA453C1D1E74E147002A599C /* Project object */;
			proxyType = 1;
			remoteGlobalIDString = AAC2738D1E74FC96004740E7;
			remoteInfo = "Reggie macOS";
		};
		AAC273B41E74FCC3004740E7 /* PBXContainerItemProxy */ = {
			isa = PBXContainerItemProxy;
			containerPortal = AA453C1D1E74E147002A599C /* Project object */;
			proxyType = 1;
			remoteGlobalIDString = AAC273A91E74FCC3004740E7;
			remoteInfo = "Reggie iOS";
		};
/* End PBXContainerItemProxy section */

/* Begin PBXFileReference section */
		AA55F93E1E79F5C600835E25 /* Lexer.swift */ = {isa = PBXFileReference; fileEncoding = 4; lastKnownFileType = sourcecode.swift; path = Lexer.swift; sourceTree = "<group>"; };
		AA55F9411E79F6BB00835E25 /* PrefixedIterator.swift */ = {isa = PBXFileReference; fileEncoding = 4; lastKnownFileType = sourcecode.swift; path = PrefixedIterator.swift; sourceTree = "<group>"; };
		AA55F9441E79FF4B00835E25 /* LexerTests.swift */ = {isa = PBXFileReference; fileEncoding = 4; lastKnownFileType = sourcecode.swift; path = LexerTests.swift; sourceTree = "<group>"; };
		AA55F9491E79FF7B00835E25 /* PrefixedIteratorTests.swift */ = {isa = PBXFileReference; fileEncoding = 4; lastKnownFileType = sourcecode.swift; path = PrefixedIteratorTests.swift; sourceTree = "<group>"; };
		AAC2733A1E74E433004740E7 /* LICENSE */ = {isa = PBXFileReference; lastKnownFileType = text; path = LICENSE; sourceTree = "<group>"; };
		AAC2733B1E74E433004740E7 /* README.md */ = {isa = PBXFileReference; lastKnownFileType = net.daringfireball.markdown; path = README.md; sourceTree = "<group>"; };
		AAC2733C1E74E433004740E7 /* Reggie.podspec */ = {isa = PBXFileReference; lastKnownFileType = text; path = Reggie.podspec; sourceTree = "<group>"; };
		AAC2738E1E74FC96004740E7 /* Reggie.framework */ = {isa = PBXFileReference; explicitFileType = wrapper.framework; includeInIndex = 0; path = Reggie.framework; sourceTree = BUILT_PRODUCTS_DIR; };
		AAC273961E74FC96004740E7 /* Reggie macOS Tests.xctest */ = {isa = PBXFileReference; explicitFileType = wrapper.cfbundle; includeInIndex = 0; path = "Reggie macOS Tests.xctest"; sourceTree = BUILT_PRODUCTS_DIR; };
		AAC273AA1E74FCC3004740E7 /* Reggie.framework */ = {isa = PBXFileReference; explicitFileType = wrapper.framework; includeInIndex = 0; path = Reggie.framework; sourceTree = BUILT_PRODUCTS_DIR; };
		AAC273B21E74FCC3004740E7 /* Reggie iOS Tests.xctest */ = {isa = PBXFileReference; explicitFileType = wrapper.cfbundle; includeInIndex = 0; path = "Reggie iOS Tests.xctest"; sourceTree = BUILT_PRODUCTS_DIR; };
		AAC273D01E74FD9C004740E7 /* Info.plist */ = {isa = PBXFileReference; lastKnownFileType = text.plist.xml; path = Info.plist; sourceTree = "<group>"; };
		AAC273D11E74FD9C004740E7 /* AutomataTests.swift */ = {isa = PBXFileReference; lastKnownFileType = sourcecode.swift; path = AutomataTests.swift; sourceTree = "<group>"; };
		AAC273E91E74FFDC004740E7 /* Automata.swift */ = {isa = PBXFileReference; lastKnownFileType = sourcecode.swift; path = Automata.swift; sourceTree = "<group>"; };
		AAC273EB1E74FFDC004740E7 /* Node.swift */ = {isa = PBXFileReference; lastKnownFileType = sourcecode.swift; path = Node.swift; sourceTree = "<group>"; };
		AAC273ED1E74FFDC004740E7 /* Transition.swift */ = {isa = PBXFileReference; lastKnownFileType = sourcecode.swift; path = Transition.swift; sourceTree = "<group>"; };
		AAC273F81E75000D004740E7 /* Info.plist */ = {isa = PBXFileReference; lastKnownFileType = text.plist.xml; path = Info.plist; sourceTree = "<group>"; };
		AAC273F91E75000D004740E7 /* Reggie.h */ = {isa = PBXFileReference; lastKnownFileType = sourcecode.c.h; path = Reggie.h; sourceTree = "<group>"; };
/* End PBXFileReference section */

/* Begin PBXFrameworksBuildPhase section */
		AAC2738A1E74FC96004740E7 /* Frameworks */ = {
			isa = PBXFrameworksBuildPhase;
			buildActionMask = 2147483647;
			files = (
			);
			runOnlyForDeploymentPostprocessing = 0;
		};
		AAC273931E74FC96004740E7 /* Frameworks */ = {
			isa = PBXFrameworksBuildPhase;
			buildActionMask = 2147483647;
			files = (
				AAC273971E74FC96004740E7 /* Reggie.framework in Frameworks */,
			);
			runOnlyForDeploymentPostprocessing = 0;
		};
		AAC273A61E74FCC3004740E7 /* Frameworks */ = {
			isa = PBXFrameworksBuildPhase;
			buildActionMask = 2147483647;
			files = (
			);
			runOnlyForDeploymentPostprocessing = 0;
		};
		AAC273AF1E74FCC3004740E7 /* Frameworks */ = {
			isa = PBXFrameworksBuildPhase;
			buildActionMask = 2147483647;
			files = (
				AAC273B31E74FCC3004740E7 /* Reggie.framework in Frameworks */,
			);
			runOnlyForDeploymentPostprocessing = 0;
		};
/* End PBXFrameworksBuildPhase section */

/* Begin PBXGroup section */
		AA453C1C1E74E147002A599C = {
			isa = PBXGroup;
			children = (
				AAC2733A1E74E433004740E7 /* LICENSE */,
				AAC2733B1E74E433004740E7 /* README.md */,
				AAC2733C1E74E433004740E7 /* Reggie.podspec */,
				AAC273E81E74FFDC004740E7 /* Source */,
				AAC273CF1E74FD9C004740E7 /* Tests */,
				AAC273C91E74FD9C004740E7 /* Products */,
			);
			sourceTree = "<group>";
		};
		AAC273C91E74FD9C004740E7 /* Products */ = {
			isa = PBXGroup;
			children = (
				AAC273E61E74FEC6004740E7 /* iOS */,
				AAC273E71E74FECD004740E7 /* macOS */,
			);
			name = Products;
			path = iOS;
			sourceTree = "<group>";
		};
		AAC273CF1E74FD9C004740E7 /* Tests */ = {
			isa = PBXGroup;
			children = (
				AAC273D01E74FD9C004740E7 /* Info.plist */,
				AAC273D11E74FD9C004740E7 /* AutomataTests.swift */,
				AA55F9441E79FF4B00835E25 /* LexerTests.swift */,
				AA55F9491E79FF7B00835E25 /* PrefixedIteratorTests.swift */,
			);
			path = Tests;
			sourceTree = "<group>";
		};
		AAC273E61E74FEC6004740E7 /* iOS */ = {
			isa = PBXGroup;
			children = (
				AAC273AA1E74FCC3004740E7 /* Reggie.framework */,
				AAC273B21E74FCC3004740E7 /* Reggie iOS Tests.xctest */,
			);
			name = iOS;
			sourceTree = "<group>";
		};
		AAC273E71E74FECD004740E7 /* macOS */ = {
			isa = PBXGroup;
			children = (
				AAC2738E1E74FC96004740E7 /* Reggie.framework */,
				AAC273961E74FC96004740E7 /* Reggie macOS Tests.xctest */,
			);
			name = macOS;
			sourceTree = "<group>";
		};
		AAC273E81E74FFDC004740E7 /* Source */ = {
			isa = PBXGroup;
			children = (
				AAC273F91E75000D004740E7 /* Reggie.h */,
				AAC273F81E75000D004740E7 /* Info.plist */,
				AAC273E91E74FFDC004740E7 /* Automata.swift */,
				AA55F93E1E79F5C600835E25 /* Lexer.swift */,
				AAC273EB1E74FFDC004740E7 /* Node.swift */,
				AA55F9411E79F6BB00835E25 /* PrefixedIterator.swift */,
				AAC273ED1E74FFDC004740E7 /* Transition.swift */,
			);
			path = Source;
			sourceTree = "<group>";
		};
/* End PBXGroup section */

/* Begin PBXHeadersBuildPhase section */
		AAC2738B1E74FC96004740E7 /* Headers */ = {
			isa = PBXHeadersBuildPhase;
			buildActionMask = 2147483647;
			files = (
				AAC273FA1E750053004740E7 /* Reggie.h in Headers */,
			);
			runOnlyForDeploymentPostprocessing = 0;
		};
		AAC273A71E74FCC3004740E7 /* Headers */ = {
			isa = PBXHeadersBuildPhase;
			buildActionMask = 2147483647;
			files = (
				AAC273FB1E75005B004740E7 /* Reggie.h in Headers */,
			);
			runOnlyForDeploymentPostprocessing = 0;
		};
/* End PBXHeadersBuildPhase section */

/* Begin PBXNativeTarget section */
		AAC2738D1E74FC96004740E7 /* Reggie macOS */ = {
			isa = PBXNativeTarget;
			buildConfigurationList = AAC2739F1E74FC96004740E7 /* Build configuration list for PBXNativeTarget "Reggie macOS" */;
			buildPhases = (
				AAC273891E74FC96004740E7 /* Sources */,
				AAC2738A1E74FC96004740E7 /* Frameworks */,
				AAC2738B1E74FC96004740E7 /* Headers */,
				AAC2738C1E74FC96004740E7 /* Resources */,
			);
			buildRules = (
			);
			dependencies = (
			);
			name = "Reggie macOS";
			productName = "Reggie macOS";
			productReference = AAC2738E1E74FC96004740E7 /* Reggie.framework */;
			productType = "com.apple.product-type.framework";
		};
		AAC273951E74FC96004740E7 /* Reggie macOS Tests */ = {
			isa = PBXNativeTarget;
			buildConfigurationList = AAC273A21E74FC96004740E7 /* Build configuration list for PBXNativeTarget "Reggie macOS Tests" */;
			buildPhases = (
				AAC273921E74FC96004740E7 /* Sources */,
				AAC273931E74FC96004740E7 /* Frameworks */,
				AAC273941E74FC96004740E7 /* Resources */,
			);
			buildRules = (
			);
			dependencies = (
				AAC273991E74FC96004740E7 /* PBXTargetDependency */,
			);
			name = "Reggie macOS Tests";
			productName = "Reggie macOSTests";
			productReference = AAC273961E74FC96004740E7 /* Reggie macOS Tests.xctest */;
			productType = "com.apple.product-type.bundle.unit-test";
		};
		AAC273A91E74FCC3004740E7 /* Reggie iOS */ = {
			isa = PBXNativeTarget;
			buildConfigurationList = AAC273BB1E74FCC3004740E7 /* Build configuration list for PBXNativeTarget "Reggie iOS" */;
			buildPhases = (
				AAC273A51E74FCC3004740E7 /* Sources */,
				AAC273A61E74FCC3004740E7 /* Frameworks */,
				AAC273A71E74FCC3004740E7 /* Headers */,
				AAC273A81E74FCC3004740E7 /* Resources */,
			);
			buildRules = (
			);
			dependencies = (
			);
			name = "Reggie iOS";
			productName = "Reggie iOS";
			productReference = AAC273AA1E74FCC3004740E7 /* Reggie.framework */;
			productType = "com.apple.product-type.framework";
		};
		AAC273B11E74FCC3004740E7 /* Reggie iOS Tests */ = {
			isa = PBXNativeTarget;
			buildConfigurationList = AAC273BE1E74FCC3004740E7 /* Build configuration list for PBXNativeTarget "Reggie iOS Tests" */;
			buildPhases = (
				AAC273AE1E74FCC3004740E7 /* Sources */,
				AAC273AF1E74FCC3004740E7 /* Frameworks */,
				AAC273B01E74FCC3004740E7 /* Resources */,
			);
			buildRules = (
			);
			dependencies = (
				AAC273B51E74FCC3004740E7 /* PBXTargetDependency */,
			);
			name = "Reggie iOS Tests";
			productName = "Reggie iOSTests";
			productReference = AAC273B21E74FCC3004740E7 /* Reggie iOS Tests.xctest */;
			productType = "com.apple.product-type.bundle.unit-test";
		};
/* End PBXNativeTarget section */

/* Begin PBXProject section */
		AA453C1D1E74E147002A599C /* Project object */ = {
			isa = PBXProject;
			attributes = {
				LastSwiftUpdateCheck = 0830;
				LastUpgradeCheck = 0830;
				ORGANIZATIONNAME = "Steve Brunwasser";
				TargetAttributes = {
					AAC2738D1E74FC96004740E7 = {
						CreatedOnToolsVersion = 8.3;
						ProvisioningStyle = Automatic;
					};
					AAC273951E74FC96004740E7 = {
						CreatedOnToolsVersion = 8.3;
						ProvisioningStyle = Automatic;
					};
					AAC273A91E74FCC3004740E7 = {
						CreatedOnToolsVersion = 8.3;
						ProvisioningStyle = Automatic;
					};
					AAC273B11E74FCC3004740E7 = {
						CreatedOnToolsVersion = 8.3;
						ProvisioningStyle = Automatic;
					};
				};
			};
			buildConfigurationList = AA453C201E74E147002A599C /* Build configuration list for PBXProject "Reggie" */;
			compatibilityVersion = "Xcode 3.2";
			developmentRegion = English;
			hasScannedForEncodings = 0;
			knownRegions = (
				en,
			);
			mainGroup = AA453C1C1E74E147002A599C;
			productRefGroup = AA453C1C1E74E147002A599C;
			projectDirPath = "";
			projectRoot = "";
			targets = (
				AAC2738D1E74FC96004740E7 /* Reggie macOS */,
				AAC273951E74FC96004740E7 /* Reggie macOS Tests */,
				AAC273A91E74FCC3004740E7 /* Reggie iOS */,
				AAC273B11E74FCC3004740E7 /* Reggie iOS Tests */,
			);
		};
/* End PBXProject section */

/* Begin PBXResourcesBuildPhase section */
		AAC2738C1E74FC96004740E7 /* Resources */ = {
			isa = PBXResourcesBuildPhase;
			buildActionMask = 2147483647;
			files = (
			);
			runOnlyForDeploymentPostprocessing = 0;
		};
		AAC273941E74FC96004740E7 /* Resources */ = {
			isa = PBXResourcesBuildPhase;
			buildActionMask = 2147483647;
			files = (
			);
			runOnlyForDeploymentPostprocessing = 0;
		};
		AAC273A81E74FCC3004740E7 /* Resources */ = {
			isa = PBXResourcesBuildPhase;
			buildActionMask = 2147483647;
			files = (
			);
			runOnlyForDeploymentPostprocessing = 0;
		};
		AAC273B01E74FCC3004740E7 /* Resources */ = {
			isa = PBXResourcesBuildPhase;
			buildActionMask = 2147483647;
			files = (
			);
			runOnlyForDeploymentPostprocessing = 0;
		};
/* End PBXResourcesBuildPhase section */

/* Begin PBXSourcesBuildPhase section */
		AAC273891E74FC96004740E7 /* Sources */ = {
			isa = PBXSourcesBuildPhase;
			buildActionMask = 2147483647;
			files = (
				AAC273F71E74FFE1004740E7 /* Transition.swift in Sources */,
				AA55F93F1E79F5C600835E25 /* Lexer.swift in Sources */,
				AAC273F31E74FFE1004740E7 /* Automata.swift in Sources */,
				AAC273F51E74FFE1004740E7 /* Node.swift in Sources */,
				AA55F9421E79F6BB00835E25 /* PrefixedIterator.swift in Sources */,
			);
			runOnlyForDeploymentPostprocessing = 0;
		};
		AAC273921E74FC96004740E7 /* Sources */ = {
			isa = PBXSourcesBuildPhase;
			buildActionMask = 2147483647;
			files = (
				AAC273E41E74FE84004740E7 /* AutomataTests.swift in Sources */,
				AA55F9481E79FF4E00835E25 /* LexerTests.swift in Sources */,
				AA55F94D1E79FF7E00835E25 /* PrefixedIteratorTests.swift in Sources */,
			);
			runOnlyForDeploymentPostprocessing = 0;
		};
		AAC273A51E74FCC3004740E7 /* Sources */ = {
			isa = PBXSourcesBuildPhase;
			buildActionMask = 2147483647;
			files = (
				AAC273F21E74FFE0004740E7 /* Transition.swift in Sources */,
				AA55F9401E79F5C600835E25 /* Lexer.swift in Sources */,
				AAC273EE1E74FFE0004740E7 /* Automata.swift in Sources */,
				AAC273F01E74FFE0004740E7 /* Node.swift in Sources */,
				AA55F9431E79F6BB00835E25 /* PrefixedIterator.swift in Sources */,
			);
			runOnlyForDeploymentPostprocessing = 0;
		};
		AAC273AE1E74FCC3004740E7 /* Sources */ = {
			isa = PBXSourcesBuildPhase;
			buildActionMask = 2147483647;
			files = (
				AAC273E51E74FE8A004740E7 /* AutomataTests.swift in Sources */,
				AA55F9471E79FF4D00835E25 /* LexerTests.swift in Sources */,
				AA55F94C1E79FF7D00835E25 /* PrefixedIteratorTests.swift in Sources */,
			);
			runOnlyForDeploymentPostprocessing = 0;
		};
/* End PBXSourcesBuildPhase section */

/* Begin PBXTargetDependency section */
		AAC273991E74FC96004740E7 /* PBXTargetDependency */ = {
			isa = PBXTargetDependency;
			target = AAC2738D1E74FC96004740E7 /* Reggie macOS */;
			targetProxy = AAC273981E74FC96004740E7 /* PBXContainerItemProxy */;
		};
		AAC273B51E74FCC3004740E7 /* PBXTargetDependency */ = {
			isa = PBXTargetDependency;
			target = AAC273A91E74FCC3004740E7 /* Reggie iOS */;
			targetProxy = AAC273B41E74FCC3004740E7 /* PBXContainerItemProxy */;
		};
/* End PBXTargetDependency section */

/* Begin XCBuildConfiguration section */
		AA453C381E74E148002A599C /* Debug */ = {
			isa = XCBuildConfiguration;
			buildSettings = {
				ALWAYS_SEARCH_USER_PATHS = NO;
				CLANG_ANALYZER_NONNULL = YES;
				CLANG_ANALYZER_NUMBER_OBJECT_CONVERSION = YES_AGGRESSIVE;
				CLANG_CXX_LANGUAGE_STANDARD = "gnu++0x";
				CLANG_CXX_LIBRARY = "libc++";
				CLANG_ENABLE_MODULES = YES;
				CLANG_ENABLE_OBJC_ARC = YES;
				CLANG_WARN_BOOL_CONVERSION = YES;
				CLANG_WARN_CONSTANT_CONVERSION = YES;
				CLANG_WARN_DIRECT_OBJC_ISA_USAGE = YES_ERROR;
				CLANG_WARN_DOCUMENTATION_COMMENTS = YES;
				CLANG_WARN_EMPTY_BODY = YES;
				CLANG_WARN_ENUM_CONVERSION = YES;
				CLANG_WARN_INFINITE_RECURSION = YES;
				CLANG_WARN_INT_CONVERSION = YES;
				CLANG_WARN_OBJC_ROOT_CLASS = YES_ERROR;
				CLANG_WARN_SUSPICIOUS_MOVE = YES;
				CLANG_WARN_UNREACHABLE_CODE = YES;
				CLANG_WARN__DUPLICATE_METHOD_MATCH = YES;
				CODE_SIGN_IDENTITY = "-";
				COPY_PHASE_STRIP = NO;
				CURRENT_PROJECT_VERSION = 1;
				DEBUG_INFORMATION_FORMAT = dwarf;
				ENABLE_STRICT_OBJC_MSGSEND = YES;
				ENABLE_TESTABILITY = YES;
				GCC_C_LANGUAGE_STANDARD = gnu99;
				GCC_DYNAMIC_NO_PIC = NO;
				GCC_NO_COMMON_BLOCKS = YES;
				GCC_OPTIMIZATION_LEVEL = 0;
				GCC_PREPROCESSOR_DEFINITIONS = (
					"DEBUG=1",
					"$(inherited)",
				);
				GCC_WARN_64_TO_32_BIT_CONVERSION = YES;
				GCC_WARN_ABOUT_RETURN_TYPE = YES_ERROR;
				GCC_WARN_UNDECLARED_SELECTOR = YES;
				GCC_WARN_UNINITIALIZED_AUTOS = YES_AGGRESSIVE;
				GCC_WARN_UNUSED_FUNCTION = YES;
				GCC_WARN_UNUSED_VARIABLE = YES;
				MACOSX_DEPLOYMENT_TARGET = 10.12;
				MTL_ENABLE_DEBUG_INFO = YES;
				ONLY_ACTIVE_ARCH = YES;
				SDKROOT = macosx;
				SWIFT_ACTIVE_COMPILATION_CONDITIONS = DEBUG;
				SWIFT_OPTIMIZATION_LEVEL = "-Onone";
				VERSIONING_SYSTEM = "apple-generic";
				VERSION_INFO_PREFIX = "";
			};
			name = Debug;
		};
		AA453C391E74E148002A599C /* Release */ = {
			isa = XCBuildConfiguration;
			buildSettings = {
				ALWAYS_SEARCH_USER_PATHS = NO;
				CLANG_ANALYZER_NONNULL = YES;
				CLANG_ANALYZER_NUMBER_OBJECT_CONVERSION = YES_AGGRESSIVE;
				CLANG_CXX_LANGUAGE_STANDARD = "gnu++0x";
				CLANG_CXX_LIBRARY = "libc++";
				CLANG_ENABLE_MODULES = YES;
				CLANG_ENABLE_OBJC_ARC = YES;
				CLANG_WARN_BOOL_CONVERSION = YES;
				CLANG_WARN_CONSTANT_CONVERSION = YES;
				CLANG_WARN_DIRECT_OBJC_ISA_USAGE = YES_ERROR;
				CLANG_WARN_DOCUMENTATION_COMMENTS = YES;
				CLANG_WARN_EMPTY_BODY = YES;
				CLANG_WARN_ENUM_CONVERSION = YES;
				CLANG_WARN_INFINITE_RECURSION = YES;
				CLANG_WARN_INT_CONVERSION = YES;
				CLANG_WARN_OBJC_ROOT_CLASS = YES_ERROR;
				CLANG_WARN_SUSPICIOUS_MOVE = YES;
				CLANG_WARN_UNREACHABLE_CODE = YES;
				CLANG_WARN__DUPLICATE_METHOD_MATCH = YES;
				CODE_SIGN_IDENTITY = "-";
				COPY_PHASE_STRIP = NO;
				CURRENT_PROJECT_VERSION = 1;
				DEBUG_INFORMATION_FORMAT = "dwarf-with-dsym";
				ENABLE_NS_ASSERTIONS = NO;
				ENABLE_STRICT_OBJC_MSGSEND = YES;
				GCC_C_LANGUAGE_STANDARD = gnu99;
				GCC_NO_COMMON_BLOCKS = YES;
				GCC_WARN_64_TO_32_BIT_CONVERSION = YES;
				GCC_WARN_ABOUT_RETURN_TYPE = YES_ERROR;
				GCC_WARN_UNDECLARED_SELECTOR = YES;
				GCC_WARN_UNINITIALIZED_AUTOS = YES_AGGRESSIVE;
				GCC_WARN_UNUSED_FUNCTION = YES;
				GCC_WARN_UNUSED_VARIABLE = YES;
				MACOSX_DEPLOYMENT_TARGET = 10.12;
				MTL_ENABLE_DEBUG_INFO = NO;
				SDKROOT = macosx;
				SWIFT_OPTIMIZATION_LEVEL = "-Owholemodule";
				VERSIONING_SYSTEM = "apple-generic";
				VERSION_INFO_PREFIX = "";
			};
			name = Release;
		};
		AAC273A01E74FC96004740E7 /* Debug */ = {
			isa = XCBuildConfiguration;
			buildSettings = {
				APPLICATION_EXTENSION_API_ONLY = YES;
				CODE_SIGN_IDENTITY = "";
				COMBINE_HIDPI_IMAGES = YES;
				DEFINES_MODULE = YES;
				DYLIB_COMPATIBILITY_VERSION = 1;
				DYLIB_CURRENT_VERSION = 1;
				DYLIB_INSTALL_NAME_BASE = "@rpath";
				FRAMEWORK_VERSION = A;
				INFOPLIST_FILE = Source/Info.plist;
				INSTALL_PATH = "$(LOCAL_LIBRARY_DIR)/Frameworks";
				LD_RUNPATH_SEARCH_PATHS = "$(inherited) @executable_path/../Frameworks @loader_path/Frameworks";
				MACOSX_DEPLOYMENT_TARGET = 10.10;
				PRODUCT_BUNDLE_IDENTIFIER = brun.steve.Reggie;
				PRODUCT_NAME = Reggie;
				SKIP_INSTALL = YES;
				SWIFT_VERSION = 3.0;
			};
			name = Debug;
		};
		AAC273A11E74FC96004740E7 /* Release */ = {
			isa = XCBuildConfiguration;
			buildSettings = {
				APPLICATION_EXTENSION_API_ONLY = YES;
				CODE_SIGN_IDENTITY = "";
				COMBINE_HIDPI_IMAGES = YES;
				DEFINES_MODULE = YES;
				DYLIB_COMPATIBILITY_VERSION = 1;
				DYLIB_CURRENT_VERSION = 1;
				DYLIB_INSTALL_NAME_BASE = "@rpath";
				FRAMEWORK_VERSION = A;
				INFOPLIST_FILE = Source/Info.plist;
				INSTALL_PATH = "$(LOCAL_LIBRARY_DIR)/Frameworks";
				LD_RUNPATH_SEARCH_PATHS = "$(inherited) @executable_path/../Frameworks @loader_path/Frameworks";
				MACOSX_DEPLOYMENT_TARGET = 10.10;
				PRODUCT_BUNDLE_IDENTIFIER = brun.steve.Reggie;
				PRODUCT_NAME = Reggie;
				SKIP_INSTALL = YES;
				SWIFT_VERSION = 3.0;
			};
			name = Release;
		};
		AAC273A31E74FC96004740E7 /* Debug */ = {
			isa = XCBuildConfiguration;
			buildSettings = {
				ALWAYS_EMBED_SWIFT_STANDARD_LIBRARIES = YES;
				COMBINE_HIDPI_IMAGES = YES;
				INFOPLIST_FILE = Tests/Info.plist;
				LD_RUNPATH_SEARCH_PATHS = "$(inherited) @executable_path/../Frameworks @loader_path/../Frameworks";
				PRODUCT_BUNDLE_IDENTIFIER = "brun.steve.Reggie-macOSTests";
				PRODUCT_NAME = "$(TARGET_NAME)";
				SWIFT_VERSION = 3.0;
			};
			name = Debug;
		};
		AAC273A41E74FC96004740E7 /* Release */ = {
			isa = XCBuildConfiguration;
			buildSettings = {
				ALWAYS_EMBED_SWIFT_STANDARD_LIBRARIES = YES;
				COMBINE_HIDPI_IMAGES = YES;
				INFOPLIST_FILE = Tests/Info.plist;
				LD_RUNPATH_SEARCH_PATHS = "$(inherited) @executable_path/../Frameworks @loader_path/../Frameworks";
				PRODUCT_BUNDLE_IDENTIFIER = "brun.steve.Reggie-macOSTests";
				PRODUCT_NAME = "$(TARGET_NAME)";
				SWIFT_VERSION = 3.0;
			};
			name = Release;
		};
		AAC273BC1E74FCC3004740E7 /* Debug */ = {
			isa = XCBuildConfiguration;
			buildSettings = {
				APPLICATION_EXTENSION_API_ONLY = YES;
				CODE_SIGN_IDENTITY = "";
				"CODE_SIGN_IDENTITY[sdk=iphoneos*]" = "iPhone Developer";
				DEFINES_MODULE = YES;
				DYLIB_COMPATIBILITY_VERSION = 1;
				DYLIB_CURRENT_VERSION = 1;
				DYLIB_INSTALL_NAME_BASE = "@rpath";
				INFOPLIST_FILE = Source/Info.plist;
				INSTALL_PATH = "$(LOCAL_LIBRARY_DIR)/Frameworks";
				IPHONEOS_DEPLOYMENT_TARGET = 8.0;
				LD_RUNPATH_SEARCH_PATHS = "$(inherited) @executable_path/Frameworks @loader_path/Frameworks";
				PRODUCT_BUNDLE_IDENTIFIER = brun.steve.Reggie;
				PRODUCT_NAME = Reggie;
				SDKROOT = iphoneos;
				SKIP_INSTALL = YES;
				SWIFT_VERSION = 3.0;
				TARGETED_DEVICE_FAMILY = "1,2";
			};
			name = Debug;
		};
		AAC273BD1E74FCC3004740E7 /* Release */ = {
			isa = XCBuildConfiguration;
			buildSettings = {
				APPLICATION_EXTENSION_API_ONLY = YES;
				CODE_SIGN_IDENTITY = "";
				"CODE_SIGN_IDENTITY[sdk=iphoneos*]" = "iPhone Developer";
				DEFINES_MODULE = YES;
				DYLIB_COMPATIBILITY_VERSION = 1;
				DYLIB_CURRENT_VERSION = 1;
				DYLIB_INSTALL_NAME_BASE = "@rpath";
				INFOPLIST_FILE = Source/Info.plist;
				INSTALL_PATH = "$(LOCAL_LIBRARY_DIR)/Frameworks";
				IPHONEOS_DEPLOYMENT_TARGET = 8.0;
				LD_RUNPATH_SEARCH_PATHS = "$(inherited) @executable_path/Frameworks @loader_path/Frameworks";
				PRODUCT_BUNDLE_IDENTIFIER = brun.steve.Reggie;
				PRODUCT_NAME = Reggie;
				SDKROOT = iphoneos;
				SKIP_INSTALL = YES;
				SWIFT_VERSION = 3.0;
				TARGETED_DEVICE_FAMILY = "1,2";
				VALIDATE_PRODUCT = YES;
			};
			name = Release;
		};
		AAC273BF1E74FCC3004740E7 /* Debug */ = {
			isa = XCBuildConfiguration;
			buildSettings = {
				ALWAYS_EMBED_SWIFT_STANDARD_LIBRARIES = YES;
				"CODE_SIGN_IDENTITY[sdk=iphoneos*]" = "iPhone Developer";
				INFOPLIST_FILE = Tests/Info.plist;
				IPHONEOS_DEPLOYMENT_TARGET = 10.3;
				LD_RUNPATH_SEARCH_PATHS = "$(inherited) @executable_path/Frameworks @loader_path/Frameworks";
				PRODUCT_BUNDLE_IDENTIFIER = "brun.steve.Reggie-iOSTests";
				PRODUCT_NAME = "$(TARGET_NAME)";
				SDKROOT = iphoneos;
				SWIFT_VERSION = 3.0;
			};
			name = Debug;
		};
		AAC273C01E74FCC3004740E7 /* Release */ = {
			isa = XCBuildConfiguration;
			buildSettings = {
				ALWAYS_EMBED_SWIFT_STANDARD_LIBRARIES = YES;
				"CODE_SIGN_IDENTITY[sdk=iphoneos*]" = "iPhone Developer";
				INFOPLIST_FILE = Tests/Info.plist;
				IPHONEOS_DEPLOYMENT_TARGET = 10.3;
				LD_RUNPATH_SEARCH_PATHS = "$(inherited) @executable_path/Frameworks @loader_path/Frameworks";
				PRODUCT_BUNDLE_IDENTIFIER = "brun.steve.Reggie-iOSTests";
				PRODUCT_NAME = "$(TARGET_NAME)";
				SDKROOT = iphoneos;
				SWIFT_VERSION = 3.0;
				VALIDATE_PRODUCT = YES;
			};
			name = Release;
		};
/* End XCBuildConfiguration section */

/* Begin XCConfigurationList section */
		AA453C201E74E147002A599C /* Build configuration list for PBXProject "Reggie" */ = {
			isa = XCConfigurationList;
			buildConfigurations = (
				AA453C381E74E148002A599C /* Debug */,
				AA453C391E74E148002A599C /* Release */,
			);
			defaultConfigurationIsVisible = 0;
			defaultConfigurationName = Release;
		};
		AAC2739F1E74FC96004740E7 /* Build configuration list for PBXNativeTarget "Reggie macOS" */ = {
			isa = XCConfigurationList;
			buildConfigurations = (
				AAC273A01E74FC96004740E7 /* Debug */,
				AAC273A11E74FC96004740E7 /* Release */,
			);
			defaultConfigurationIsVisible = 0;
			defaultConfigurationName = Release;
		};
		AAC273A21E74FC96004740E7 /* Build configuration list for PBXNativeTarget "Reggie macOS Tests" */ = {
			isa = XCConfigurationList;
			buildConfigurations = (
				AAC273A31E74FC96004740E7 /* Debug */,
				AAC273A41E74FC96004740E7 /* Release */,
			);
			defaultConfigurationIsVisible = 0;
			defaultConfigurationName = Release;
		};
		AAC273BB1E74FCC3004740E7 /* Build configuration list for PBXNativeTarget "Reggie iOS" */ = {
			isa = XCConfigurationList;
			buildConfigurations = (
				AAC273BC1E74FCC3004740E7 /* Debug */,
				AAC273BD1E74FCC3004740E7 /* Release */,
			);
			defaultConfigurationIsVisible = 0;
			defaultConfigurationName = Release;
		};
		AAC273BE1E74FCC3004740E7 /* Build configuration list for PBXNativeTarget "Reggie iOS Tests" */ = {
			isa = XCConfigurationList;
			buildConfigurations = (
				AAC273BF1E74FCC3004740E7 /* Debug */,
				AAC273C01E74FCC3004740E7 /* Release */,
			);
			defaultConfigurationIsVisible = 0;
			defaultConfigurationName = Release;
		};
/* End XCConfigurationList section */
	};
	rootObject = AA453C1D1E74E147002A599C /* Project object */;
}
